// !$*UTF8*$!
{
	archiveVersion = 1;
	classes = {
	};
	objectVersion = 50;
	objects = {

/* Begin PBXBuildFile section */
		0C209ED925588C0F00BE7DA2 /* AppDelegate.swift in Sources */ = {isa = PBXBuildFile; fileRef = 0C209ED825588C0F00BE7DA2 /* AppDelegate.swift */; };
		0C209EDB25588C0F00BE7DA2 /* SceneDelegate.swift in Sources */ = {isa = PBXBuildFile; fileRef = 0C209EDA25588C0F00BE7DA2 /* SceneDelegate.swift */; };
		0C209EDD25588C0F00BE7DA2 /* ViewController.swift in Sources */ = {isa = PBXBuildFile; fileRef = 0C209EDC25588C0F00BE7DA2 /* ViewController.swift */; };
		0C209EE025588C0F00BE7DA2 /* Main.storyboard in Resources */ = {isa = PBXBuildFile; fileRef = 0C209EDE25588C0F00BE7DA2 /* Main.storyboard */; };
		0C209EE225588C1100BE7DA2 /* Assets.xcassets in Resources */ = {isa = PBXBuildFile; fileRef = 0C209EE125588C1100BE7DA2 /* Assets.xcassets */; };
		0C209EE525588C1100BE7DA2 /* LaunchScreen.storyboard in Resources */ = {isa = PBXBuildFile; fileRef = 0C209EE325588C1100BE7DA2 /* LaunchScreen.storyboard */; };
		0C209EEA25588C1100BE7DA2 /* Slask2 WatchKit App.app in Embed Watch Content */ = {isa = PBXBuildFile; fileRef = 0C209EE925588C1100BE7DA2 /* Slask2 WatchKit App.app */; settings = {ATTRIBUTES = (RemoveHeadersOnCopy, ); }; };
		0C209EF025588C1100BE7DA2 /* Interface.storyboard in Resources */ = {isa = PBXBuildFile; fileRef = 0C209EEE25588C1100BE7DA2 /* Interface.storyboard */; };
		0C209EF225588C1200BE7DA2 /* Assets.xcassets in Resources */ = {isa = PBXBuildFile; fileRef = 0C209EF125588C1200BE7DA2 /* Assets.xcassets */; };
		0C209EF925588C1200BE7DA2 /* Slask2 WatchKit Extension.appex in Embed App Extensions */ = {isa = PBXBuildFile; fileRef = 0C209EF825588C1200BE7DA2 /* Slask2 WatchKit Extension.appex */; settings = {ATTRIBUTES = (RemoveHeadersOnCopy, ); }; };
		0C209EFE25588C1200BE7DA2 /* InterfaceController.swift in Sources */ = {isa = PBXBuildFile; fileRef = 0C209EFD25588C1200BE7DA2 /* InterfaceController.swift */; };
		0C209F0025588C1200BE7DA2 /* ExtensionDelegate.swift in Sources */ = {isa = PBXBuildFile; fileRef = 0C209EFF25588C1200BE7DA2 /* ExtensionDelegate.swift */; };
		0C209F0225588C1200BE7DA2 /* ComplicationController.swift in Sources */ = {isa = PBXBuildFile; fileRef = 0C209F0125588C1200BE7DA2 /* ComplicationController.swift */; };
		0C209F0425588C1300BE7DA2 /* Assets.xcassets in Resources */ = {isa = PBXBuildFile; fileRef = 0C209F0325588C1300BE7DA2 /* Assets.xcassets */; };
/* End PBXBuildFile section */

/* Begin PBXContainerItemProxy section */
		0C209EEB25588C1100BE7DA2 /* PBXContainerItemProxy */ = {
			isa = PBXContainerItemProxy;
			containerPortal = 0C209ECD25588C0F00BE7DA2 /* Project object */;
			proxyType = 1;
			remoteGlobalIDString = 0C209EE825588C1100BE7DA2;
			remoteInfo = "Slask2 WatchKit App";
		};
		0C209EFA25588C1200BE7DA2 /* PBXContainerItemProxy */ = {
			isa = PBXContainerItemProxy;
			containerPortal = 0C209ECD25588C0F00BE7DA2 /* Project object */;
			proxyType = 1;
			remoteGlobalIDString = 0C209EF725588C1200BE7DA2;
			remoteInfo = "Slask2 WatchKit Extension";
		};
/* End PBXContainerItemProxy section */

/* Begin PBXCopyFilesBuildPhase section */
		0C209F0B25588C1300BE7DA2 /* Embed App Extensions */ = {
			isa = PBXCopyFilesBuildPhase;
			buildActionMask = 2147483647;
			dstPath = "";
			dstSubfolderSpec = 13;
			files = (
				0C209EF925588C1200BE7DA2 /* Slask2 WatchKit Extension.appex in Embed App Extensions */,
			);
			name = "Embed App Extensions";
			runOnlyForDeploymentPostprocessing = 0;
		};
		0C209F0F25588C1300BE7DA2 /* Embed Watch Content */ = {
			isa = PBXCopyFilesBuildPhase;
			buildActionMask = 2147483647;
			dstPath = "$(CONTENTS_FOLDER_PATH)/Watch";
			dstSubfolderSpec = 16;
			files = (
				0C209EEA25588C1100BE7DA2 /* Slask2 WatchKit App.app in Embed Watch Content */,
			);
			name = "Embed Watch Content";
			runOnlyForDeploymentPostprocessing = 0;
		};
/* End PBXCopyFilesBuildPhase section */

/* Begin PBXFileReference section */
		0C209ED525588C0F00BE7DA2 /* Slask2.app */ = {isa = PBXFileReference; explicitFileType = wrapper.application; includeInIndex = 0; path = Slask2.app; sourceTree = BUILT_PRODUCTS_DIR; };
		0C209ED825588C0F00BE7DA2 /* AppDelegate.swift */ = {isa = PBXFileReference; lastKnownFileType = sourcecode.swift; path = AppDelegate.swift; sourceTree = "<group>"; };
		0C209EDA25588C0F00BE7DA2 /* SceneDelegate.swift */ = {isa = PBXFileReference; lastKnownFileType = sourcecode.swift; path = SceneDelegate.swift; sourceTree = "<group>"; };
		0C209EDC25588C0F00BE7DA2 /* ViewController.swift */ = {isa = PBXFileReference; lastKnownFileType = sourcecode.swift; path = ViewController.swift; sourceTree = "<group>"; };
		0C209EDF25588C0F00BE7DA2 /* Base */ = {isa = PBXFileReference; lastKnownFileType = file.storyboard; name = Base; path = Base.lproj/Main.storyboard; sourceTree = "<group>"; };
		0C209EE125588C1100BE7DA2 /* Assets.xcassets */ = {isa = PBXFileReference; lastKnownFileType = folder.assetcatalog; path = Assets.xcassets; sourceTree = "<group>"; };
		0C209EE425588C1100BE7DA2 /* Base */ = {isa = PBXFileReference; lastKnownFileType = file.storyboard; name = Base; path = Base.lproj/LaunchScreen.storyboard; sourceTree = "<group>"; };
		0C209EE625588C1100BE7DA2 /* Info.plist */ = {isa = PBXFileReference; lastKnownFileType = text.plist.xml; path = Info.plist; sourceTree = "<group>"; };
		0C209EE925588C1100BE7DA2 /* Slask2 WatchKit App.app */ = {isa = PBXFileReference; explicitFileType = wrapper.application; includeInIndex = 0; path = "Slask2 WatchKit App.app"; sourceTree = BUILT_PRODUCTS_DIR; };
		0C209EEF25588C1100BE7DA2 /* Base */ = {isa = PBXFileReference; lastKnownFileType = file.storyboard; name = Base; path = Base.lproj/Interface.storyboard; sourceTree = "<group>"; };
		0C209EF125588C1200BE7DA2 /* Assets.xcassets */ = {isa = PBXFileReference; lastKnownFileType = folder.assetcatalog; path = Assets.xcassets; sourceTree = "<group>"; };
		0C209EF325588C1200BE7DA2 /* Info.plist */ = {isa = PBXFileReference; lastKnownFileType = text.plist.xml; path = Info.plist; sourceTree = "<group>"; };
		0C209EF825588C1200BE7DA2 /* Slask2 WatchKit Extension.appex */ = {isa = PBXFileReference; explicitFileType = "wrapper.app-extension"; includeInIndex = 0; path = "Slask2 WatchKit Extension.appex"; sourceTree = BUILT_PRODUCTS_DIR; };
		0C209EFD25588C1200BE7DA2 /* InterfaceController.swift */ = {isa = PBXFileReference; lastKnownFileType = sourcecode.swift; path = InterfaceController.swift; sourceTree = "<group>"; };
		0C209EFF25588C1200BE7DA2 /* ExtensionDelegate.swift */ = {isa = PBXFileReference; lastKnownFileType = sourcecode.swift; path = ExtensionDelegate.swift; sourceTree = "<group>"; };
		0C209F0125588C1200BE7DA2 /* ComplicationController.swift */ = {isa = PBXFileReference; lastKnownFileType = sourcecode.swift; path = ComplicationController.swift; sourceTree = "<group>"; };
		0C209F0325588C1300BE7DA2 /* Assets.xcassets */ = {isa = PBXFileReference; lastKnownFileType = folder.assetcatalog; path = Assets.xcassets; sourceTree = "<group>"; };
		0C209F0525588C1300BE7DA2 /* Info.plist */ = {isa = PBXFileReference; lastKnownFileType = text.plist.xml; path = Info.plist; sourceTree = "<group>"; };
/* End PBXFileReference section */

/* Begin PBXFrameworksBuildPhase section */
		0C209ED225588C0F00BE7DA2 /* Frameworks */ = {
			isa = PBXFrameworksBuildPhase;
			buildActionMask = 2147483647;
			files = (
			);
			runOnlyForDeploymentPostprocessing = 0;
		};
		0C209EF525588C1200BE7DA2 /* Frameworks */ = {
			isa = PBXFrameworksBuildPhase;
			buildActionMask = 2147483647;
			files = (
			);
			runOnlyForDeploymentPostprocessing = 0;
		};
/* End PBXFrameworksBuildPhase section */

/* Begin PBXGroup section */
		0C209ECC25588C0F00BE7DA2 = {
			isa = PBXGroup;
			children = (
				0C209ED725588C0F00BE7DA2 /* Slask2 */,
				0C209EED25588C1100BE7DA2 /* Slask2 WatchKit App */,
				0C209EFC25588C1200BE7DA2 /* Slask2 WatchKit Extension */,
				0C209ED625588C0F00BE7DA2 /* Products */,
			);
			sourceTree = "<group>";
		};
		0C209ED625588C0F00BE7DA2 /* Products */ = {
			isa = PBXGroup;
			children = (
				0C209ED525588C0F00BE7DA2 /* Slask2.app */,
				0C209EE925588C1100BE7DA2 /* Slask2 WatchKit App.app */,
				0C209EF825588C1200BE7DA2 /* Slask2 WatchKit Extension.appex */,
			);
			name = Products;
			sourceTree = "<group>";
		};
		0C209ED725588C0F00BE7DA2 /* Slask2 */ = {
			isa = PBXGroup;
			children = (
				0C209ED825588C0F00BE7DA2 /* AppDelegate.swift */,
				0C209EDA25588C0F00BE7DA2 /* SceneDelegate.swift */,
				0C209EDC25588C0F00BE7DA2 /* ViewController.swift */,
				0C209EDE25588C0F00BE7DA2 /* Main.storyboard */,
				0C209EE125588C1100BE7DA2 /* Assets.xcassets */,
				0C209EE325588C1100BE7DA2 /* LaunchScreen.storyboard */,
				0C209EE625588C1100BE7DA2 /* Info.plist */,
			);
			path = Slask2;
			sourceTree = "<group>";
		};
		0C209EED25588C1100BE7DA2 /* Slask2 WatchKit App */ = {
			isa = PBXGroup;
			children = (
				0C209EEE25588C1100BE7DA2 /* Interface.storyboard */,
				0C209EF125588C1200BE7DA2 /* Assets.xcassets */,
				0C209EF325588C1200BE7DA2 /* Info.plist */,
			);
			path = "Slask2 WatchKit App";
			sourceTree = "<group>";
		};
		0C209EFC25588C1200BE7DA2 /* Slask2 WatchKit Extension */ = {
			isa = PBXGroup;
			children = (
				0C209EFD25588C1200BE7DA2 /* InterfaceController.swift */,
				0C209EFF25588C1200BE7DA2 /* ExtensionDelegate.swift */,
				0C209F0125588C1200BE7DA2 /* ComplicationController.swift */,
				0C209F0325588C1300BE7DA2 /* Assets.xcassets */,
				0C209F0525588C1300BE7DA2 /* Info.plist */,
			);
			path = "Slask2 WatchKit Extension";
			sourceTree = "<group>";
		};
/* End PBXGroup section */

/* Begin PBXNativeTarget section */
		0C209ED425588C0F00BE7DA2 /* Slask2 */ = {
			isa = PBXNativeTarget;
			buildConfigurationList = 0C209F1025588C1300BE7DA2 /* Build configuration list for PBXNativeTarget "Slask2" */;
			buildPhases = (
				0C209ED125588C0F00BE7DA2 /* Sources */,
				0C209ED225588C0F00BE7DA2 /* Frameworks */,
				0C209ED325588C0F00BE7DA2 /* Resources */,
				0C209F0F25588C1300BE7DA2 /* Embed Watch Content */,
			);
			buildRules = (
			);
			dependencies = (
				0C209EEC25588C1100BE7DA2 /* PBXTargetDependency */,
			);
			name = Slask2;
			productName = Slask2;
			productReference = 0C209ED525588C0F00BE7DA2 /* Slask2.app */;
			productType = "com.apple.product-type.application";
		};
		0C209EE825588C1100BE7DA2 /* Slask2 WatchKit App */ = {
			isa = PBXNativeTarget;
			buildConfigurationList = 0C209F0C25588C1300BE7DA2 /* Build configuration list for PBXNativeTarget "Slask2 WatchKit App" */;
			buildPhases = (
				0C209EE725588C1100BE7DA2 /* Resources */,
				0C209F0B25588C1300BE7DA2 /* Embed App Extensions */,
			);
			buildRules = (
			);
			dependencies = (
				0C209EFB25588C1200BE7DA2 /* PBXTargetDependency */,
			);
			name = "Slask2 WatchKit App";
			productName = "Slask2 WatchKit App";
			productReference = 0C209EE925588C1100BE7DA2 /* Slask2 WatchKit App.app */;
			productType = "com.apple.product-type.application.watchapp2";
		};
		0C209EF725588C1200BE7DA2 /* Slask2 WatchKit Extension */ = {
			isa = PBXNativeTarget;
			buildConfigurationList = 0C209F0825588C1300BE7DA2 /* Build configuration list for PBXNativeTarget "Slask2 WatchKit Extension" */;
			buildPhases = (
				0C209EF425588C1200BE7DA2 /* Sources */,
				0C209EF525588C1200BE7DA2 /* Frameworks */,
				0C209EF625588C1200BE7DA2 /* Resources */,
			);
			buildRules = (
			);
			dependencies = (
			);
			name = "Slask2 WatchKit Extension";
			productName = "Slask2 WatchKit Extension";
			productReference = 0C209EF825588C1200BE7DA2 /* Slask2 WatchKit Extension.appex */;
			productType = "com.apple.product-type.watchkit2-extension";
		};
/* End PBXNativeTarget section */

/* Begin PBXProject section */
		0C209ECD25588C0F00BE7DA2 /* Project object */ = {
			isa = PBXProject;
			attributes = {
				LastSwiftUpdateCheck = 1220;
				LastUpgradeCheck = 1220;
				TargetAttributes = {
					0C209ED425588C0F00BE7DA2 = {
						CreatedOnToolsVersion = 12.2;
					};
					0C209EE825588C1100BE7DA2 = {
						CreatedOnToolsVersion = 12.2;
					};
					0C209EF725588C1200BE7DA2 = {
						CreatedOnToolsVersion = 12.2;
					};
				};
			};
			buildConfigurationList = 0C209ED025588C0F00BE7DA2 /* Build configuration list for PBXProject "Slask2" */;
			compatibilityVersion = "Xcode 9.3";
			developmentRegion = en;
			hasScannedForEncodings = 0;
			knownRegions = (
				en,
				Base,
			);
			mainGroup = 0C209ECC25588C0F00BE7DA2;
			productRefGroup = 0C209ED625588C0F00BE7DA2 /* Products */;
			projectDirPath = "";
			projectRoot = "";
			targets = (
				0C209ED425588C0F00BE7DA2 /* Slask2 */,
				0C209EE825588C1100BE7DA2 /* Slask2 WatchKit App */,
				0C209EF725588C1200BE7DA2 /* Slask2 WatchKit Extension */,
			);
		};
/* End PBXProject section */

/* Begin PBXResourcesBuildPhase section */
		0C209ED325588C0F00BE7DA2 /* Resources */ = {
			isa = PBXResourcesBuildPhase;
			buildActionMask = 2147483647;
			files = (
				0C209EE525588C1100BE7DA2 /* LaunchScreen.storyboard in Resources */,
				0C209EE225588C1100BE7DA2 /* Assets.xcassets in Resources */,
				0C209EE025588C0F00BE7DA2 /* Main.storyboard in Resources */,
			);
			runOnlyForDeploymentPostprocessing = 0;
		};
		0C209EE725588C1100BE7DA2 /* Resources */ = {
			isa = PBXResourcesBuildPhase;
			buildActionMask = 2147483647;
			files = (
				0C209EF225588C1200BE7DA2 /* Assets.xcassets in Resources */,
				0C209EF025588C1100BE7DA2 /* Interface.storyboard in Resources */,
			);
			runOnlyForDeploymentPostprocessing = 0;
		};
		0C209EF625588C1200BE7DA2 /* Resources */ = {
			isa = PBXResourcesBuildPhase;
			buildActionMask = 2147483647;
			files = (
				0C209F0425588C1300BE7DA2 /* Assets.xcassets in Resources */,
			);
			runOnlyForDeploymentPostprocessing = 0;
		};
/* End PBXResourcesBuildPhase section */

/* Begin PBXSourcesBuildPhase section */
		0C209ED125588C0F00BE7DA2 /* Sources */ = {
			isa = PBXSourcesBuildPhase;
			buildActionMask = 2147483647;
			files = (
				0C209EDD25588C0F00BE7DA2 /* ViewController.swift in Sources */,
				0C209ED925588C0F00BE7DA2 /* AppDelegate.swift in Sources */,
				0C209EDB25588C0F00BE7DA2 /* SceneDelegate.swift in Sources */,
			);
			runOnlyForDeploymentPostprocessing = 0;
		};
		0C209EF425588C1200BE7DA2 /* Sources */ = {
			isa = PBXSourcesBuildPhase;
			buildActionMask = 2147483647;
			files = (
				0C209F0025588C1200BE7DA2 /* ExtensionDelegate.swift in Sources */,
				0C209EFE25588C1200BE7DA2 /* InterfaceController.swift in Sources */,
				0C209F0225588C1200BE7DA2 /* ComplicationController.swift in Sources */,
			);
			runOnlyForDeploymentPostprocessing = 0;
		};
/* End PBXSourcesBuildPhase section */

/* Begin PBXTargetDependency section */
		0C209EEC25588C1100BE7DA2 /* PBXTargetDependency */ = {
			isa = PBXTargetDependency;
			target = 0C209EE825588C1100BE7DA2 /* Slask2 WatchKit App */;
			targetProxy = 0C209EEB25588C1100BE7DA2 /* PBXContainerItemProxy */;
		};
		0C209EFB25588C1200BE7DA2 /* PBXTargetDependency */ = {
			isa = PBXTargetDependency;
			target = 0C209EF725588C1200BE7DA2 /* Slask2 WatchKit Extension */;
			targetProxy = 0C209EFA25588C1200BE7DA2 /* PBXContainerItemProxy */;
		};
/* End PBXTargetDependency section */

/* Begin PBXVariantGroup section */
		0C209EDE25588C0F00BE7DA2 /* Main.storyboard */ = {
			isa = PBXVariantGroup;
			children = (
				0C209EDF25588C0F00BE7DA2 /* Base */,
			);
			name = Main.storyboard;
			sourceTree = "<group>";
		};
		0C209EE325588C1100BE7DA2 /* LaunchScreen.storyboard */ = {
			isa = PBXVariantGroup;
			children = (
				0C209EE425588C1100BE7DA2 /* Base */,
			);
			name = LaunchScreen.storyboard;
			sourceTree = "<group>";
		};
		0C209EEE25588C1100BE7DA2 /* Interface.storyboard */ = {
			isa = PBXVariantGroup;
			children = (
				0C209EEF25588C1100BE7DA2 /* Base */,
			);
			name = Interface.storyboard;
			sourceTree = "<group>";
		};
/* End PBXVariantGroup section */

/* Begin XCBuildConfiguration section */
		0C209F0625588C1300BE7DA2 /* Debug */ = {
			isa = XCBuildConfiguration;
			buildSettings = {
				ALWAYS_SEARCH_USER_PATHS = NO;
				CLANG_ANALYZER_NONNULL = YES;
				CLANG_ANALYZER_NUMBER_OBJECT_CONVERSION = YES_AGGRESSIVE;
				CLANG_CXX_LANGUAGE_STANDARD = "gnu++14";
				CLANG_CXX_LIBRARY = "libc++";
				CLANG_ENABLE_MODULES = YES;
				CLANG_ENABLE_OBJC_ARC = YES;
				CLANG_ENABLE_OBJC_WEAK = YES;
				CLANG_WARN_BLOCK_CAPTURE_AUTORELEASING = YES;
				CLANG_WARN_BOOL_CONVERSION = YES;
				CLANG_WARN_COMMA = YES;
				CLANG_WARN_CONSTANT_CONVERSION = YES;
				CLANG_WARN_DEPRECATED_OBJC_IMPLEMENTATIONS = YES;
				CLANG_WARN_DIRECT_OBJC_ISA_USAGE = YES_ERROR;
				CLANG_WARN_DOCUMENTATION_COMMENTS = YES;
				CLANG_WARN_EMPTY_BODY = YES;
				CLANG_WARN_ENUM_CONVERSION = YES;
				CLANG_WARN_INFINITE_RECURSION = YES;
				CLANG_WARN_INT_CONVERSION = YES;
				CLANG_WARN_NON_LITERAL_NULL_CONVERSION = YES;
				CLANG_WARN_OBJC_IMPLICIT_RETAIN_SELF = YES;
				CLANG_WARN_OBJC_LITERAL_CONVERSION = YES;
				CLANG_WARN_OBJC_ROOT_CLASS = YES_ERROR;
				CLANG_WARN_QUOTED_INCLUDE_IN_FRAMEWORK_HEADER = YES;
				CLANG_WARN_RANGE_LOOP_ANALYSIS = YES;
				CLANG_WARN_STRICT_PROTOTYPES = YES;
				CLANG_WARN_SUSPICIOUS_MOVE = YES;
				CLANG_WARN_UNGUARDED_AVAILABILITY = YES_AGGRESSIVE;
				CLANG_WARN_UNREACHABLE_CODE = YES;
				CLANG_WARN__DUPLICATE_METHOD_MATCH = YES;
				COPY_PHASE_STRIP = NO;
				DEBUG_INFORMATION_FORMAT = dwarf;
				ENABLE_STRICT_OBJC_MSGSEND = YES;
				ENABLE_TESTABILITY = YES;
				GCC_C_LANGUAGE_STANDARD = gnu11;
				GCC_DYNAMIC_NO_PIC = NO;
				GCC_NO_COMMON_BLOCKS = YES;
				GCC_OPTIMIZATION_LEVEL = 0;
				GCC_PREPROCESSOR_DEFINITIONS = (
					"DEBUG=1",
					"$(inherited)",
				);
				GCC_WARN_64_TO_32_BIT_CONVERSION = YES;
				GCC_WARN_ABOUT_RETURN_TYPE = YES_ERROR;
				GCC_WARN_UNDECLARED_SELECTOR = YES;
				GCC_WARN_UNINITIALIZED_AUTOS = YES_AGGRESSIVE;
				GCC_WARN_UNUSED_FUNCTION = YES;
				GCC_WARN_UNUSED_VARIABLE = YES;
				MTL_ENABLE_DEBUG_INFO = INCLUDE_SOURCE;
				MTL_FAST_MATH = YES;
				ONLY_ACTIVE_ARCH = YES;
				SWIFT_ACTIVE_COMPILATION_CONDITIONS = DEBUG;
				SWIFT_OPTIMIZATION_LEVEL = "-Onone";
			};
			name = Debug;
		};
		0C209F0725588C1300BE7DA2 /* Release */ = {
			isa = XCBuildConfiguration;
			buildSettings = {
				ALWAYS_SEARCH_USER_PATHS = NO;
				CLANG_ANALYZER_NONNULL = YES;
				CLANG_ANALYZER_NUMBER_OBJECT_CONVERSION = YES_AGGRESSIVE;
				CLANG_CXX_LANGUAGE_STANDARD = "gnu++14";
				CLANG_CXX_LIBRARY = "libc++";
				CLANG_ENABLE_MODULES = YES;
				CLANG_ENABLE_OBJC_ARC = YES;
				CLANG_ENABLE_OBJC_WEAK = YES;
				CLANG_WARN_BLOCK_CAPTURE_AUTORELEASING = YES;
				CLANG_WARN_BOOL_CONVERSION = YES;
				CLANG_WARN_COMMA = YES;
				CLANG_WARN_CONSTANT_CONVERSION = YES;
				CLANG_WARN_DEPRECATED_OBJC_IMPLEMENTATIONS = YES;
				CLANG_WARN_DIRECT_OBJC_ISA_USAGE = YES_ERROR;
				CLANG_WARN_DOCUMENTATION_COMMENTS = YES;
				CLANG_WARN_EMPTY_BODY = YES;
				CLANG_WARN_ENUM_CONVERSION = YES;
				CLANG_WARN_INFINITE_RECURSION = YES;
				CLANG_WARN_INT_CONVERSION = YES;
				CLANG_WARN_NON_LITERAL_NULL_CONVERSION = YES;
				CLANG_WARN_OBJC_IMPLICIT_RETAIN_SELF = YES;
				CLANG_WARN_OBJC_LITERAL_CONVERSION = YES;
				CLANG_WARN_OBJC_ROOT_CLASS = YES_ERROR;
				CLANG_WARN_QUOTED_INCLUDE_IN_FRAMEWORK_HEADER = YES;
				CLANG_WARN_RANGE_LOOP_ANALYSIS = YES;
				CLANG_WARN_STRICT_PROTOTYPES = YES;
				CLANG_WARN_SUSPICIOUS_MOVE = YES;
				CLANG_WARN_UNGUARDED_AVAILABILITY = YES_AGGRESSIVE;
				CLANG_WARN_UNREACHABLE_CODE = YES;
				CLANG_WARN__DUPLICATE_METHOD_MATCH = YES;
				COPY_PHASE_STRIP = NO;
				DEBUG_INFORMATION_FORMAT = "dwarf-with-dsym";
				ENABLE_NS_ASSERTIONS = NO;
				ENABLE_STRICT_OBJC_MSGSEND = YES;
				GCC_C_LANGUAGE_STANDARD = gnu11;
				GCC_NO_COMMON_BLOCKS = YES;
				GCC_WARN_64_TO_32_BIT_CONVERSION = YES;
				GCC_WARN_ABOUT_RETURN_TYPE = YES_ERROR;
				GCC_WARN_UNDECLARED_SELECTOR = YES;
				GCC_WARN_UNINITIALIZED_AUTOS = YES_AGGRESSIVE;
				GCC_WARN_UNUSED_FUNCTION = YES;
				GCC_WARN_UNUSED_VARIABLE = YES;
				MTL_ENABLE_DEBUG_INFO = NO;
				MTL_FAST_MATH = YES;
				SWIFT_COMPILATION_MODE = wholemodule;
				SWIFT_OPTIMIZATION_LEVEL = "-O";
			};
			name = Release;
		};
		0C209F0925588C1300BE7DA2 /* Debug */ = {
			isa = XCBuildConfiguration;
			buildSettings = {
				ASSETCATALOG_COMPILER_COMPLICATION_NAME = Complication;
				CODE_SIGN_STYLE = Automatic;
				DEVELOPMENT_TEAM = 63UM45383T;
				INFOPLIST_FILE = "Slask2 WatchKit Extension/Info.plist";
				LD_RUNPATH_SEARCH_PATHS = (
					"$(inherited)",
					"@executable_path/Frameworks",
					"@executable_path/../../Frameworks",
				);
				PRODUCT_BUNDLE_IDENTIFIER = io.carechain.Slask2.watchkitapp.watchkitextension;
				PRODUCT_NAME = "${TARGET_NAME}";
				SDKROOT = watchos;
				SKIP_INSTALL = YES;
				SWIFT_VERSION = 5.0;
				TARGETED_DEVICE_FAMILY = 4;
				WATCHOS_DEPLOYMENT_TARGET = 7.1;
			};
			name = Debug;
		};
		0C209F0A25588C1300BE7DA2 /* Release */ = {
			isa = XCBuildConfiguration;
			buildSettings = {
				ASSETCATALOG_COMPILER_COMPLICATION_NAME = Complication;
				CODE_SIGN_STYLE = Automatic;
				DEVELOPMENT_TEAM = 63UM45383T;
				INFOPLIST_FILE = "Slask2 WatchKit Extension/Info.plist";
				LD_RUNPATH_SEARCH_PATHS = (
					"$(inherited)",
					"@executable_path/Frameworks",
					"@executable_path/../../Frameworks",
				);
				PRODUCT_BUNDLE_IDENTIFIER = io.carechain.Slask2.watchkitapp.watchkitextension;
				PRODUCT_NAME = "${TARGET_NAME}";
				SDKROOT = watchos;
				SKIP_INSTALL = YES;
				SWIFT_VERSION = 5.0;
				TARGETED_DEVICE_FAMILY = 4;
				VALIDATE_PRODUCT = YES;
				WATCHOS_DEPLOYMENT_TARGET = 7.1;
			};
			name = Release;
		};
		0C209F0D25588C1300BE7DA2 /* Debug */ = {
			isa = XCBuildConfiguration;
			buildSettings = {
				ALWAYS_EMBED_SWIFT_STANDARD_LIBRARIES = YES;
				ASSETCATALOG_COMPILER_APPICON_NAME = AppIcon;
				ASSETCATALOG_COMPILER_GLOBAL_ACCENT_COLOR_NAME = AccentColor;
				CODE_SIGN_STYLE = Automatic;
				DEVELOPMENT_TEAM = 63UM45383T;
				IBSC_MODULE = Slask2_WatchKit_Extension;
				INFOPLIST_FILE = "Slask2 WatchKit App/Info.plist";
				PRODUCT_BUNDLE_IDENTIFIER = io.carechain.Slask2.watchkitapp;
				PRODUCT_NAME = "$(TARGET_NAME)";
				SDKROOT = watchos;
				SKIP_INSTALL = YES;
				SWIFT_VERSION = 5.0;
				TARGETED_DEVICE_FAMILY = 4;
				WATCHOS_DEPLOYMENT_TARGET = 7.1;
			};
			name = Debug;
		};
		0C209F0E25588C1300BE7DA2 /* Release */ = {
			isa = XCBuildConfiguration;
			buildSettings = {
				ALWAYS_EMBED_SWIFT_STANDARD_LIBRARIES = YES;
				ASSETCATALOG_COMPILER_APPICON_NAME = AppIcon;
				ASSETCATALOG_COMPILER_GLOBAL_ACCENT_COLOR_NAME = AccentColor;
				CODE_SIGN_STYLE = Automatic;
				DEVELOPMENT_TEAM = 63UM45383T;
				IBSC_MODULE = Slask2_WatchKit_Extension;
				INFOPLIST_FILE = "Slask2 WatchKit App/Info.plist";
				PRODUCT_BUNDLE_IDENTIFIER = io.carechain.Slask2.watchkitapp;
				PRODUCT_NAME = "$(TARGET_NAME)";
				SDKROOT = watchos;
				SKIP_INSTALL = YES;
				SWIFT_VERSION = 5.0;
				TARGETED_DEVICE_FAMILY = 4;
				VALIDATE_PRODUCT = YES;
				WATCHOS_DEPLOYMENT_TARGET = 7.1;
			};
			name = Release;
		};
		0C209F1125588C1300BE7DA2 /* Debug */ = {
			isa = XCBuildConfiguration;
			buildSettings = {
				ASSETCATALOG_COMPILER_APPICON_NAME = AppIcon;
				ASSETCATALOG_COMPILER_GLOBAL_ACCENT_COLOR_NAME = AccentColor;
				CODE_SIGN_STYLE = Automatic;
				DEVELOPMENT_TEAM = 63UM45383T;
				INFOPLIST_FILE = Slask2/Info.plist;
				IPHONEOS_DEPLOYMENT_TARGET = 14.2;
				LD_RUNPATH_SEARCH_PATHS = (
					"$(inherited)",
					"@executable_path/Frameworks",
				);
				PRODUCT_BUNDLE_IDENTIFIER = io.carechain.Slask2;
				PRODUCT_NAME = "$(TARGET_NAME)";
				SDKROOT = iphoneos;
				SWIFT_VERSION = 5.0;
				TARGETED_DEVICE_FAMILY = "1,2";
			};
			name = Debug;
		};
		0C209F1225588C1300BE7DA2 /* Release */ = {
			isa = XCBuildConfiguration;
			buildSettings = {
				ASSETCATALOG_COMPILER_APPICON_NAME = AppIcon;
				ASSETCATALOG_COMPILER_GLOBAL_ACCENT_COLOR_NAME = AccentColor;
				CODE_SIGN_STYLE = Automatic;
				DEVELOPMENT_TEAM = 63UM45383T;
				INFOPLIST_FILE = Slask2/Info.plist;
				IPHONEOS_DEPLOYMENT_TARGET = 14.2;
				LD_RUNPATH_SEARCH_PATHS = (
					"$(inherited)",
					"@executable_path/Frameworks",
				);
				PRODUCT_BUNDLE_IDENTIFIER = io.carechain.Slask2;
				PRODUCT_NAME = "$(TARGET_NAME)";
				SDKROOT = iphoneos;
				SWIFT_VERSION = 5.0;
				TARGETED_DEVICE_FAMILY = "1,2";
				VALIDATE_PRODUCT = YES;
			};
			name = Release;
		};
/* End XCBuildConfiguration section */

/* Begin XCConfigurationList section */
		0C209ED025588C0F00BE7DA2 /* Build configuration list for PBXProject "Slask2" */ = {
			isa = XCConfigurationList;
			buildConfigurations = (
				0C209F0625588C1300BE7DA2 /* Debug */,
				0C209F0725588C1300BE7DA2 /* Release */,
			);
			defaultConfigurationIsVisible = 0;
			defaultConfigurationName = Release;
		};
		0C209F0825588C1300BE7DA2 /* Build configuration list for PBXNativeTarget "Slask2 WatchKit Extension" */ = {
			isa = XCConfigurationList;
			buildConfigurations = (
				0C209F0925588C1300BE7DA2 /* Debug */,
				0C209F0A25588C1300BE7DA2 /* Release */,
			);
			defaultConfigurationIsVisible = 0;
			defaultConfigurationName = Release;
		};
		0C209F0C25588C1300BE7DA2 /* Build configuration list for PBXNativeTarget "Slask2 WatchKit App" */ = {
			isa = XCConfigurationList;
			buildConfigurations = (
				0C209F0D25588C1300BE7DA2 /* Debug */,
				0C209F0E25588C1300BE7DA2 /* Release */,
			);
			defaultConfigurationIsVisible = 0;
			defaultConfigurationName = Release;
		};
		0C209F1025588C1300BE7DA2 /* Build configuration list for PBXNativeTarget "Slask2" */ = {
			isa = XCConfigurationList;
			buildConfigurations = (
				0C209F1125588C1300BE7DA2 /* Debug */,
				0C209F1225588C1300BE7DA2 /* Release */,
			);
			defaultConfigurationIsVisible = 0;
			defaultConfigurationName = Release;
		};
/* End XCConfigurationList section */
	};
	rootObject = 0C209ECD25588C0F00BE7DA2 /* Project object */;
}
