// !$*UTF8*$!
{
	archiveVersion = 1;
	classes = {
	};
	objectVersion = 50;
	objects = {

/* Begin PBXBuildFile section */
		0CC9BE46252BB06F0077CD6F /* AppDelegate.swift in Sources */ = {isa = PBXBuildFile; fileRef = 0CC9BE45252BB06F0077CD6F /* AppDelegate.swift */; };
		0CC9BE48252BB06F0077CD6F /* ContentView.swift in Sources */ = {isa = PBXBuildFile; fileRef = 0CC9BE47252BB06F0077CD6F /* ContentView.swift */; };
		0CC9BE4B252BB06F0077CD6F /* Healthy.xcdatamodeld in Sources */ = {isa = PBXBuildFile; fileRef = 0CC9BE49252BB06F0077CD6F /* Healthy.xcdatamodeld */; };
		0CC9BE4D252BB0710077CD6F /* Assets.xcassets in Resources */ = {isa = PBXBuildFile; fileRef = 0CC9BE4C252BB0710077CD6F /* Assets.xcassets */; };
		0CC9BE50252BB0710077CD6F /* Preview Assets.xcassets in Resources */ = {isa = PBXBuildFile; fileRef = 0CC9BE4F252BB0710077CD6F /* Preview Assets.xcassets */; };
		0CC9BE53252BB0710077CD6F /* Main.storyboard in Resources */ = {isa = PBXBuildFile; fileRef = 0CC9BE51252BB0710077CD6F /* Main.storyboard */; };
		0CC9BE5F252BB0710077CD6F /* HealthyTests.swift in Sources */ = {isa = PBXBuildFile; fileRef = 0CC9BE5E252BB0710077CD6F /* HealthyTests.swift */; };
		0CC9BE6A252BB0710077CD6F /* HealthyUITests.swift in Sources */ = {isa = PBXBuildFile; fileRef = 0CC9BE69252BB0710077CD6F /* HealthyUITests.swift */; };
/* End PBXBuildFile section */

/* Begin PBXContainerItemProxy section */
		0CC9BE5B252BB0710077CD6F /* PBXContainerItemProxy */ = {
			isa = PBXContainerItemProxy;
			containerPortal = 0CC9BE3A252BB06F0077CD6F /* Project object */;
			proxyType = 1;
			remoteGlobalIDString = 0CC9BE41252BB06F0077CD6F;
			remoteInfo = Healthy;
		};
		0CC9BE66252BB0710077CD6F /* PBXContainerItemProxy */ = {
			isa = PBXContainerItemProxy;
			containerPortal = 0CC9BE3A252BB06F0077CD6F /* Project object */;
			proxyType = 1;
			remoteGlobalIDString = 0CC9BE41252BB06F0077CD6F;
			remoteInfo = Healthy;
		};
/* End PBXContainerItemProxy section */

/* Begin PBXFileReference section */
		0CC9BE42252BB06F0077CD6F /* Healthy.app */ = {isa = PBXFileReference; explicitFileType = wrapper.application; includeInIndex = 0; path = Healthy.app; sourceTree = BUILT_PRODUCTS_DIR; };
		0CC9BE45252BB06F0077CD6F /* AppDelegate.swift */ = {isa = PBXFileReference; lastKnownFileType = sourcecode.swift; path = AppDelegate.swift; sourceTree = "<group>"; };
		0CC9BE47252BB06F0077CD6F /* ContentView.swift */ = {isa = PBXFileReference; lastKnownFileType = sourcecode.swift; path = ContentView.swift; sourceTree = "<group>"; };
		0CC9BE4A252BB06F0077CD6F /* Healthy.xcdatamodel */ = {isa = PBXFileReference; lastKnownFileType = wrapper.xcdatamodel; path = Healthy.xcdatamodel; sourceTree = "<group>"; };
		0CC9BE4C252BB0710077CD6F /* Assets.xcassets */ = {isa = PBXFileReference; lastKnownFileType = folder.assetcatalog; path = Assets.xcassets; sourceTree = "<group>"; };
		0CC9BE4F252BB0710077CD6F /* Preview Assets.xcassets */ = {isa = PBXFileReference; lastKnownFileType = folder.assetcatalog; path = "Preview Assets.xcassets"; sourceTree = "<group>"; };
		0CC9BE52252BB0710077CD6F /* Base */ = {isa = PBXFileReference; lastKnownFileType = file.storyboard; name = Base; path = Base.lproj/Main.storyboard; sourceTree = "<group>"; };
		0CC9BE54252BB0710077CD6F /* Info.plist */ = {isa = PBXFileReference; lastKnownFileType = text.plist.xml; path = Info.plist; sourceTree = "<group>"; };
		0CC9BE55252BB0710077CD6F /* Healthy.entitlements */ = {isa = PBXFileReference; lastKnownFileType = text.plist.entitlements; path = Healthy.entitlements; sourceTree = "<group>"; };
		0CC9BE5A252BB0710077CD6F /* HealthyTests.xctest */ = {isa = PBXFileReference; explicitFileType = wrapper.cfbundle; includeInIndex = 0; path = HealthyTests.xctest; sourceTree = BUILT_PRODUCTS_DIR; };
		0CC9BE5E252BB0710077CD6F /* HealthyTests.swift */ = {isa = PBXFileReference; lastKnownFileType = sourcecode.swift; path = HealthyTests.swift; sourceTree = "<group>"; };
		0CC9BE60252BB0710077CD6F /* Info.plist */ = {isa = PBXFileReference; lastKnownFileType = text.plist.xml; path = Info.plist; sourceTree = "<group>"; };
		0CC9BE65252BB0710077CD6F /* HealthyUITests.xctest */ = {isa = PBXFileReference; explicitFileType = wrapper.cfbundle; includeInIndex = 0; path = HealthyUITests.xctest; sourceTree = BUILT_PRODUCTS_DIR; };
		0CC9BE69252BB0710077CD6F /* HealthyUITests.swift */ = {isa = PBXFileReference; lastKnownFileType = sourcecode.swift; path = HealthyUITests.swift; sourceTree = "<group>"; };
		0CC9BE6B252BB0710077CD6F /* Info.plist */ = {isa = PBXFileReference; lastKnownFileType = text.plist.xml; path = Info.plist; sourceTree = "<group>"; };
/* End PBXFileReference section */

/* Begin PBXFrameworksBuildPhase section */
		0CC9BE3F252BB06F0077CD6F /* Frameworks */ = {
			isa = PBXFrameworksBuildPhase;
			buildActionMask = 2147483647;
			files = (
			);
			runOnlyForDeploymentPostprocessing = 0;
		};
		0CC9BE57252BB0710077CD6F /* Frameworks */ = {
			isa = PBXFrameworksBuildPhase;
			buildActionMask = 2147483647;
			files = (
			);
			runOnlyForDeploymentPostprocessing = 0;
		};
		0CC9BE62252BB0710077CD6F /* Frameworks */ = {
			isa = PBXFrameworksBuildPhase;
			buildActionMask = 2147483647;
			files = (
			);
			runOnlyForDeploymentPostprocessing = 0;
		};
/* End PBXFrameworksBuildPhase section */

/* Begin PBXGroup section */
		0CC9BE39252BB06F0077CD6F = {
			isa = PBXGroup;
			children = (
				0CC9BE44252BB06F0077CD6F /* Healthy */,
				0CC9BE5D252BB0710077CD6F /* HealthyTests */,
				0CC9BE68252BB0710077CD6F /* HealthyUITests */,
				0CC9BE43252BB06F0077CD6F /* Products */,
			);
			sourceTree = "<group>";
		};
		0CC9BE43252BB06F0077CD6F /* Products */ = {
			isa = PBXGroup;
			children = (
				0CC9BE42252BB06F0077CD6F /* Healthy.app */,
				0CC9BE5A252BB0710077CD6F /* HealthyTests.xctest */,
				0CC9BE65252BB0710077CD6F /* HealthyUITests.xctest */,
			);
			name = Products;
			sourceTree = "<group>";
		};
		0CC9BE44252BB06F0077CD6F /* Healthy */ = {
			isa = PBXGroup;
			children = (
				0CC9BE45252BB06F0077CD6F /* AppDelegate.swift */,
				0CC9BE47252BB06F0077CD6F /* ContentView.swift */,
				0CC9BE4C252BB0710077CD6F /* Assets.xcassets */,
				0CC9BE51252BB0710077CD6F /* Main.storyboard */,
				0CC9BE54252BB0710077CD6F /* Info.plist */,
				0CC9BE55252BB0710077CD6F /* Healthy.entitlements */,
				0CC9BE49252BB06F0077CD6F /* Healthy.xcdatamodeld */,
				0CC9BE4E252BB0710077CD6F /* Preview Content */,
			);
			path = Healthy;
			sourceTree = "<group>";
		};
		0CC9BE4E252BB0710077CD6F /* Preview Content */ = {
			isa = PBXGroup;
			children = (
				0CC9BE4F252BB0710077CD6F /* Preview Assets.xcassets */,
			);
			path = "Preview Content";
			sourceTree = "<group>";
		};
		0CC9BE5D252BB0710077CD6F /* HealthyTests */ = {
			isa = PBXGroup;
			children = (
				0CC9BE5E252BB0710077CD6F /* HealthyTests.swift */,
				0CC9BE60252BB0710077CD6F /* Info.plist */,
			);
			path = HealthyTests;
			sourceTree = "<group>";
		};
		0CC9BE68252BB0710077CD6F /* HealthyUITests */ = {
			isa = PBXGroup;
			children = (
				0CC9BE69252BB0710077CD6F /* HealthyUITests.swift */,
				0CC9BE6B252BB0710077CD6F /* Info.plist */,
			);
			path = HealthyUITests;
			sourceTree = "<group>";
		};
/* End PBXGroup section */

/* Begin PBXNativeTarget section */
		0CC9BE41252BB06F0077CD6F /* Healthy */ = {
			isa = PBXNativeTarget;
			buildConfigurationList = 0CC9BE6E252BB0710077CD6F /* Build configuration list for PBXNativeTarget "Healthy" */;
			buildPhases = (
				0CC9BE3E252BB06F0077CD6F /* Sources */,
				0CC9BE3F252BB06F0077CD6F /* Frameworks */,
				0CC9BE40252BB06F0077CD6F /* Resources */,
			);
			buildRules = (
			);
			dependencies = (
			);
			name = Healthy;
			productName = Healthy;
			productReference = 0CC9BE42252BB06F0077CD6F /* Healthy.app */;
			productType = "com.apple.product-type.application";
		};
		0CC9BE59252BB0710077CD6F /* HealthyTests */ = {
			isa = PBXNativeTarget;
			buildConfigurationList = 0CC9BE71252BB0710077CD6F /* Build configuration list for PBXNativeTarget "HealthyTests" */;
			buildPhases = (
				0CC9BE56252BB0710077CD6F /* Sources */,
				0CC9BE57252BB0710077CD6F /* Frameworks */,
				0CC9BE58252BB0710077CD6F /* Resources */,
			);
			buildRules = (
			);
			dependencies = (
				0CC9BE5C252BB0710077CD6F /* PBXTargetDependency */,
			);
			name = HealthyTests;
			productName = HealthyTests;
			productReference = 0CC9BE5A252BB0710077CD6F /* HealthyTests.xctest */;
			productType = "com.apple.product-type.bundle.unit-test";
		};
		0CC9BE64252BB0710077CD6F /* HealthyUITests */ = {
			isa = PBXNativeTarget;
			buildConfigurationList = 0CC9BE74252BB0710077CD6F /* Build configuration list for PBXNativeTarget "HealthyUITests" */;
			buildPhases = (
				0CC9BE61252BB0710077CD6F /* Sources */,
				0CC9BE62252BB0710077CD6F /* Frameworks */,
				0CC9BE63252BB0710077CD6F /* Resources */,
			);
			buildRules = (
			);
			dependencies = (
				0CC9BE67252BB0710077CD6F /* PBXTargetDependency */,
			);
			name = HealthyUITests;
			productName = HealthyUITests;
			productReference = 0CC9BE65252BB0710077CD6F /* HealthyUITests.xctest */;
			productType = "com.apple.product-type.bundle.ui-testing";
		};
/* End PBXNativeTarget section */

/* Begin PBXProject section */
		0CC9BE3A252BB06F0077CD6F /* Project object */ = {
			isa = PBXProject;
			attributes = {
				LastSwiftUpdateCheck = 1200;
				LastUpgradeCheck = 1200;
				TargetAttributes = {
					0CC9BE41252BB06F0077CD6F = {
						CreatedOnToolsVersion = 12.0.1;
					};
					0CC9BE59252BB0710077CD6F = {
						CreatedOnToolsVersion = 12.0.1;
						TestTargetID = 0CC9BE41252BB06F0077CD6F;
					};
					0CC9BE64252BB0710077CD6F = {
						CreatedOnToolsVersion = 12.0.1;
						TestTargetID = 0CC9BE41252BB06F0077CD6F;
					};
				};
			};
			buildConfigurationList = 0CC9BE3D252BB06F0077CD6F /* Build configuration list for PBXProject "Healthy" */;
			compatibilityVersion = "Xcode 9.3";
			developmentRegion = en;
			hasScannedForEncodings = 0;
			knownRegions = (
				en,
				Base,
			);
			mainGroup = 0CC9BE39252BB06F0077CD6F;
			productRefGroup = 0CC9BE43252BB06F0077CD6F /* Products */;
			projectDirPath = "";
			projectRoot = "";
			targets = (
				0CC9BE41252BB06F0077CD6F /* Healthy */,
				0CC9BE59252BB0710077CD6F /* HealthyTests */,
				0CC9BE64252BB0710077CD6F /* HealthyUITests */,
			);
		};
/* End PBXProject section */

/* Begin PBXResourcesBuildPhase section */
		0CC9BE40252BB06F0077CD6F /* Resources */ = {
			isa = PBXResourcesBuildPhase;
			buildActionMask = 2147483647;
			files = (
				0CC9BE53252BB0710077CD6F /* Main.storyboard in Resources */,
				0CC9BE50252BB0710077CD6F /* Preview Assets.xcassets in Resources */,
				0CC9BE4D252BB0710077CD6F /* Assets.xcassets in Resources */,
			);
			runOnlyForDeploymentPostprocessing = 0;
		};
		0CC9BE58252BB0710077CD6F /* Resources */ = {
			isa = PBXResourcesBuildPhase;
			buildActionMask = 2147483647;
			files = (
			);
			runOnlyForDeploymentPostprocessing = 0;
		};
		0CC9BE63252BB0710077CD6F /* Resources */ = {
			isa = PBXResourcesBuildPhase;
			buildActionMask = 2147483647;
			files = (
			);
			runOnlyForDeploymentPostprocessing = 0;
		};
/* End PBXResourcesBuildPhase section */

/* Begin PBXSourcesBuildPhase section */
		0CC9BE3E252BB06F0077CD6F /* Sources */ = {
			isa = PBXSourcesBuildPhase;
			buildActionMask = 2147483647;
			files = (
				0CC9BE48252BB06F0077CD6F /* ContentView.swift in Sources */,
				0CC9BE4B252BB06F0077CD6F /* Healthy.xcdatamodeld in Sources */,
				0CC9BE46252BB06F0077CD6F /* AppDelegate.swift in Sources */,
			);
			runOnlyForDeploymentPostprocessing = 0;
		};
		0CC9BE56252BB0710077CD6F /* Sources */ = {
			isa = PBXSourcesBuildPhase;
			buildActionMask = 2147483647;
			files = (
				0CC9BE5F252BB0710077CD6F /* HealthyTests.swift in Sources */,
			);
			runOnlyForDeploymentPostprocessing = 0;
		};
		0CC9BE61252BB0710077CD6F /* Sources */ = {
			isa = PBXSourcesBuildPhase;
			buildActionMask = 2147483647;
			files = (
				0CC9BE6A252BB0710077CD6F /* HealthyUITests.swift in Sources */,
			);
			runOnlyForDeploymentPostprocessing = 0;
		};
/* End PBXSourcesBuildPhase section */

/* Begin PBXTargetDependency section */
		0CC9BE5C252BB0710077CD6F /* PBXTargetDependency */ = {
			isa = PBXTargetDependency;
			target = 0CC9BE41252BB06F0077CD6F /* Healthy */;
			targetProxy = 0CC9BE5B252BB0710077CD6F /* PBXContainerItemProxy */;
		};
		0CC9BE67252BB0710077CD6F /* PBXTargetDependency */ = {
			isa = PBXTargetDependency;
			target = 0CC9BE41252BB06F0077CD6F /* Healthy */;
			targetProxy = 0CC9BE66252BB0710077CD6F /* PBXContainerItemProxy */;
		};
/* End PBXTargetDependency section */

/* Begin PBXVariantGroup section */
		0CC9BE51252BB0710077CD6F /* Main.storyboard */ = {
			isa = PBXVariantGroup;
			children = (
				0CC9BE52252BB0710077CD6F /* Base */,
			);
			name = Main.storyboard;
			sourceTree = "<group>";
		};
/* End PBXVariantGroup section */

/* Begin XCBuildConfiguration section */
		0CC9BE6C252BB0710077CD6F /* Debug */ = {
			isa = XCBuildConfiguration;
			buildSettings = {
				ALWAYS_SEARCH_USER_PATHS = NO;
				CLANG_ANALYZER_NONNULL = YES;
				CLANG_ANALYZER_NUMBER_OBJECT_CONVERSION = YES_AGGRESSIVE;
				CLANG_CXX_LANGUAGE_STANDARD = "gnu++14";
				CLANG_CXX_LIBRARY = "libc++";
				CLANG_ENABLE_MODULES = YES;
				CLANG_ENABLE_OBJC_ARC = YES;
				CLANG_ENABLE_OBJC_WEAK = YES;
				CLANG_WARN_BLOCK_CAPTURE_AUTORELEASING = YES;
				CLANG_WARN_BOOL_CONVERSION = YES;
				CLANG_WARN_COMMA = YES;
				CLANG_WARN_CONSTANT_CONVERSION = YES;
				CLANG_WARN_DEPRECATED_OBJC_IMPLEMENTATIONS = YES;
				CLANG_WARN_DIRECT_OBJC_ISA_USAGE = YES_ERROR;
				CLANG_WARN_DOCUMENTATION_COMMENTS = YES;
				CLANG_WARN_EMPTY_BODY = YES;
				CLANG_WARN_ENUM_CONVERSION = YES;
				CLANG_WARN_INFINITE_RECURSION = YES;
				CLANG_WARN_INT_CONVERSION = YES;
				CLANG_WARN_NON_LITERAL_NULL_CONVERSION = YES;
				CLANG_WARN_OBJC_IMPLICIT_RETAIN_SELF = YES;
				CLANG_WARN_OBJC_LITERAL_CONVERSION = YES;
				CLANG_WARN_OBJC_ROOT_CLASS = YES_ERROR;
				CLANG_WARN_QUOTED_INCLUDE_IN_FRAMEWORK_HEADER = YES;
				CLANG_WARN_RANGE_LOOP_ANALYSIS = YES;
				CLANG_WARN_STRICT_PROTOTYPES = YES;
				CLANG_WARN_SUSPICIOUS_MOVE = YES;
				CLANG_WARN_UNGUARDED_AVAILABILITY = YES_AGGRESSIVE;
				CLANG_WARN_UNREACHABLE_CODE = YES;
				CLANG_WARN__DUPLICATE_METHOD_MATCH = YES;
				COPY_PHASE_STRIP = NO;
				DEBUG_INFORMATION_FORMAT = dwarf;
				ENABLE_STRICT_OBJC_MSGSEND = YES;
				ENABLE_TESTABILITY = YES;
				GCC_C_LANGUAGE_STANDARD = gnu11;
				GCC_DYNAMIC_NO_PIC = NO;
				GCC_NO_COMMON_BLOCKS = YES;
				GCC_OPTIMIZATION_LEVEL = 0;
				GCC_PREPROCESSOR_DEFINITIONS = (
					"DEBUG=1",
					"$(inherited)",
				);
				GCC_WARN_64_TO_32_BIT_CONVERSION = YES;
				GCC_WARN_ABOUT_RETURN_TYPE = YES_ERROR;
				GCC_WARN_UNDECLARED_SELECTOR = YES;
				GCC_WARN_UNINITIALIZED_AUTOS = YES_AGGRESSIVE;
				GCC_WARN_UNUSED_FUNCTION = YES;
				GCC_WARN_UNUSED_VARIABLE = YES;
				MACOSX_DEPLOYMENT_TARGET = 10.15;
				MTL_ENABLE_DEBUG_INFO = INCLUDE_SOURCE;
				MTL_FAST_MATH = YES;
				ONLY_ACTIVE_ARCH = YES;
				SDKROOT = macosx;
				SWIFT_ACTIVE_COMPILATION_CONDITIONS = DEBUG;
				SWIFT_OPTIMIZATION_LEVEL = "-Onone";
			};
			name = Debug;
		};
		0CC9BE6D252BB0710077CD6F /* Release */ = {
			isa = XCBuildConfiguration;
			buildSettings = {
				ALWAYS_SEARCH_USER_PATHS = NO;
				CLANG_ANALYZER_NONNULL = YES;
				CLANG_ANALYZER_NUMBER_OBJECT_CONVERSION = YES_AGGRESSIVE;
				CLANG_CXX_LANGUAGE_STANDARD = "gnu++14";
				CLANG_CXX_LIBRARY = "libc++";
				CLANG_ENABLE_MODULES = YES;
				CLANG_ENABLE_OBJC_ARC = YES;
				CLANG_ENABLE_OBJC_WEAK = YES;
				CLANG_WARN_BLOCK_CAPTURE_AUTORELEASING = YES;
				CLANG_WARN_BOOL_CONVERSION = YES;
				CLANG_WARN_COMMA = YES;
				CLANG_WARN_CONSTANT_CONVERSION = YES;
				CLANG_WARN_DEPRECATED_OBJC_IMPLEMENTATIONS = YES;
				CLANG_WARN_DIRECT_OBJC_ISA_USAGE = YES_ERROR;
				CLANG_WARN_DOCUMENTATION_COMMENTS = YES;
				CLANG_WARN_EMPTY_BODY = YES;
				CLANG_WARN_ENUM_CONVERSION = YES;
				CLANG_WARN_INFINITE_RECURSION = YES;
				CLANG_WARN_INT_CONVERSION = YES;
				CLANG_WARN_NON_LITERAL_NULL_CONVERSION = YES;
				CLANG_WARN_OBJC_IMPLICIT_RETAIN_SELF = YES;
				CLANG_WARN_OBJC_LITERAL_CONVERSION = YES;
				CLANG_WARN_OBJC_ROOT_CLASS = YES_ERROR;
				CLANG_WARN_QUOTED_INCLUDE_IN_FRAMEWORK_HEADER = YES;
				CLANG_WARN_RANGE_LOOP_ANALYSIS = YES;
				CLANG_WARN_STRICT_PROTOTYPES = YES;
				CLANG_WARN_SUSPICIOUS_MOVE = YES;
				CLANG_WARN_UNGUARDED_AVAILABILITY = YES_AGGRESSIVE;
				CLANG_WARN_UNREACHABLE_CODE = YES;
				CLANG_WARN__DUPLICATE_METHOD_MATCH = YES;
				COPY_PHASE_STRIP = NO;
				DEBUG_INFORMATION_FORMAT = "dwarf-with-dsym";
				ENABLE_NS_ASSERTIONS = NO;
				ENABLE_STRICT_OBJC_MSGSEND = YES;
				GCC_C_LANGUAGE_STANDARD = gnu11;
				GCC_NO_COMMON_BLOCKS = YES;
				GCC_WARN_64_TO_32_BIT_CONVERSION = YES;
				GCC_WARN_ABOUT_RETURN_TYPE = YES_ERROR;
				GCC_WARN_UNDECLARED_SELECTOR = YES;
				GCC_WARN_UNINITIALIZED_AUTOS = YES_AGGRESSIVE;
				GCC_WARN_UNUSED_FUNCTION = YES;
				GCC_WARN_UNUSED_VARIABLE = YES;
				MACOSX_DEPLOYMENT_TARGET = 10.15;
				MTL_ENABLE_DEBUG_INFO = NO;
				MTL_FAST_MATH = YES;
				SDKROOT = macosx;
				SWIFT_COMPILATION_MODE = wholemodule;
				SWIFT_OPTIMIZATION_LEVEL = "-O";
			};
			name = Release;
		};
		0CC9BE6F252BB0710077CD6F /* Debug */ = {
			isa = XCBuildConfiguration;
			buildSettings = {
				ASSETCATALOG_COMPILER_APPICON_NAME = AppIcon;
				ASSETCATALOG_COMPILER_GLOBAL_ACCENT_COLOR_NAME = AccentColor;
				CODE_SIGN_ENTITLEMENTS = Healthy/Healthy.entitlements;
				CODE_SIGN_STYLE = Automatic;
				COMBINE_HIDPI_IMAGES = YES;
				DEVELOPMENT_ASSET_PATHS = "\"Healthy/Preview Content\"";
				DEVELOPMENT_TEAM = 22PS7P6M6M;
				ENABLE_HARDENED_RUNTIME = YES;
				ENABLE_PREVIEWS = YES;
				INFOPLIST_FILE = Healthy/Info.plist;
				LD_RUNPATH_SEARCH_PATHS = (
					"$(inherited)",
					"@executable_path/../Frameworks",
				);
				MACOSX_DEPLOYMENT_TARGET = 10.15;
				PRODUCT_BUNDLE_IDENTIFIER = com.svipe.Healthy;
				PRODUCT_NAME = "$(TARGET_NAME)";
				SWIFT_VERSION = 5.0;
			};
			name = Debug;
		};
		0CC9BE70252BB0710077CD6F /* Release */ = {
			isa = XCBuildConfiguration;
			buildSettings = {
				ASSETCATALOG_COMPILER_APPICON_NAME = AppIcon;
				ASSETCATALOG_COMPILER_GLOBAL_ACCENT_COLOR_NAME = AccentColor;
				CODE_SIGN_ENTITLEMENTS = Healthy/Healthy.entitlements;
				CODE_SIGN_STYLE = Automatic;
				COMBINE_HIDPI_IMAGES = YES;
				DEVELOPMENT_ASSET_PATHS = "\"Healthy/Preview Content\"";
				DEVELOPMENT_TEAM = 22PS7P6M6M;
				ENABLE_HARDENED_RUNTIME = YES;
				ENABLE_PREVIEWS = YES;
				INFOPLIST_FILE = Healthy/Info.plist;
				LD_RUNPATH_SEARCH_PATHS = (
					"$(inherited)",
					"@executable_path/../Frameworks",
				);
				MACOSX_DEPLOYMENT_TARGET = 10.15;
				PRODUCT_BUNDLE_IDENTIFIER = com.svipe.Healthy;
				PRODUCT_NAME = "$(TARGET_NAME)";
				SWIFT_VERSION = 5.0;
			};
			name = Release;
		};
		0CC9BE72252BB0710077CD6F /* Debug */ = {
			isa = XCBuildConfiguration;
			buildSettings = {
				ALWAYS_EMBED_SWIFT_STANDARD_LIBRARIES = YES;
				BUNDLE_LOADER = "$(TEST_HOST)";
				CODE_SIGN_STYLE = Automatic;
				COMBINE_HIDPI_IMAGES = YES;
				DEVELOPMENT_TEAM = 22PS7P6M6M;
				INFOPLIST_FILE = HealthyTests/Info.plist;
				LD_RUNPATH_SEARCH_PATHS = (
					"$(inherited)",
					"@executable_path/../Frameworks",
					"@loader_path/../Frameworks",
				);
				MACOSX_DEPLOYMENT_TARGET = 10.15;
				PRODUCT_BUNDLE_IDENTIFIER = com.svipe.HealthyTests;
				PRODUCT_NAME = "$(TARGET_NAME)";
				SWIFT_VERSION = 5.0;
				TEST_HOST = "$(BUILT_PRODUCTS_DIR)/Healthy.app/Contents/MacOS/Healthy";
			};
			name = Debug;
		};
		0CC9BE73252BB0710077CD6F /* Release */ = {
			isa = XCBuildConfiguration;
			buildSettings = {
				ALWAYS_EMBED_SWIFT_STANDARD_LIBRARIES = YES;
				BUNDLE_LOADER = "$(TEST_HOST)";
				CODE_SIGN_STYLE = Automatic;
				COMBINE_HIDPI_IMAGES = YES;
				DEVELOPMENT_TEAM = 22PS7P6M6M;
				INFOPLIST_FILE = HealthyTests/Info.plist;
				LD_RUNPATH_SEARCH_PATHS = (
					"$(inherited)",
					"@executable_path/../Frameworks",
					"@loader_path/../Frameworks",
				);
				MACOSX_DEPLOYMENT_TARGET = 10.15;
				PRODUCT_BUNDLE_IDENTIFIER = com.svipe.HealthyTests;
				PRODUCT_NAME = "$(TARGET_NAME)";
				SWIFT_VERSION = 5.0;
				TEST_HOST = "$(BUILT_PRODUCTS_DIR)/Healthy.app/Contents/MacOS/Healthy";
			};
			name = Release;
		};
		0CC9BE75252BB0710077CD6F /* Debug */ = {
			isa = XCBuildConfiguration;
			buildSettings = {
				ALWAYS_EMBED_SWIFT_STANDARD_LIBRARIES = YES;
				CODE_SIGN_STYLE = Automatic;
				COMBINE_HIDPI_IMAGES = YES;
				DEVELOPMENT_TEAM = 22PS7P6M6M;
				INFOPLIST_FILE = HealthyUITests/Info.plist;
				LD_RUNPATH_SEARCH_PATHS = (
					"$(inherited)",
					"@executable_path/../Frameworks",
					"@loader_path/../Frameworks",
				);
				PRODUCT_BUNDLE_IDENTIFIER = com.svipe.HealthyUITests;
				PRODUCT_NAME = "$(TARGET_NAME)";
				SWIFT_VERSION = 5.0;
				TEST_TARGET_NAME = Healthy;
			};
			name = Debug;
		};
		0CC9BE76252BB0710077CD6F /* Release */ = {
			isa = XCBuildConfiguration;
			buildSettings = {
				ALWAYS_EMBED_SWIFT_STANDARD_LIBRARIES = YES;
				CODE_SIGN_STYLE = Automatic;
				COMBINE_HIDPI_IMAGES = YES;
				DEVELOPMENT_TEAM = 22PS7P6M6M;
				INFOPLIST_FILE = HealthyUITests/Info.plist;
				LD_RUNPATH_SEARCH_PATHS = (
					"$(inherited)",
					"@executable_path/../Frameworks",
					"@loader_path/../Frameworks",
				);
				PRODUCT_BUNDLE_IDENTIFIER = com.svipe.HealthyUITests;
				PRODUCT_NAME = "$(TARGET_NAME)";
				SWIFT_VERSION = 5.0;
				TEST_TARGET_NAME = Healthy;
			};
			name = Release;
		};
/* End XCBuildConfiguration section */

/* Begin XCConfigurationList section */
		0CC9BE3D252BB06F0077CD6F /* Build configuration list for PBXProject "Healthy" */ = {
			isa = XCConfigurationList;
			buildConfigurations = (
				0CC9BE6C252BB0710077CD6F /* Debug */,
				0CC9BE6D252BB0710077CD6F /* Release */,
			);
			defaultConfigurationIsVisible = 0;
			defaultConfigurationName = Release;
		};
		0CC9BE6E252BB0710077CD6F /* Build configuration list for PBXNativeTarget "Healthy" */ = {
			isa = XCConfigurationList;
			buildConfigurations = (
				0CC9BE6F252BB0710077CD6F /* Debug */,
				0CC9BE70252BB0710077CD6F /* Release */,
			);
			defaultConfigurationIsVisible = 0;
			defaultConfigurationName = Release;
		};
		0CC9BE71252BB0710077CD6F /* Build configuration list for PBXNativeTarget "HealthyTests" */ = {
			isa = XCConfigurationList;
			buildConfigurations = (
				0CC9BE72252BB0710077CD6F /* Debug */,
				0CC9BE73252BB0710077CD6F /* Release */,
			);
			defaultConfigurationIsVisible = 0;
			defaultConfigurationName = Release;
		};
		0CC9BE74252BB0710077CD6F /* Build configuration list for PBXNativeTarget "HealthyUITests" */ = {
			isa = XCConfigurationList;
			buildConfigurations = (
				0CC9BE75252BB0710077CD6F /* Debug */,
				0CC9BE76252BB0710077CD6F /* Release */,
			);
			defaultConfigurationIsVisible = 0;
			defaultConfigurationName = Release;
		};
/* End XCConfigurationList section */

/* Begin XCVersionGroup section */
		0CC9BE49252BB06F0077CD6F /* Healthy.xcdatamodeld */ = {
			isa = XCVersionGroup;
			children = (
				0CC9BE4A252BB06F0077CD6F /* Healthy.xcdatamodel */,
			);
			currentVersion = 0CC9BE4A252BB06F0077CD6F /* Healthy.xcdatamodel */;
			path = Healthy.xcdatamodeld;
			sourceTree = "<group>";
			versionGroupType = wrapper.xcdatamodel;
		};
/* End XCVersionGroup section */
	};
	rootObject = 0CC9BE3A252BB06F0077CD6F /* Project object */;
}
